{
  "nodes": {
    "nixpkgs": {
      "locked": {
        "lastModified": 1661371647,
        "narHash": "sha256-lnYvDdxuwLUtydI90faz/s2g7cl4EFiM3c7vyfW4q/w=",
        "owner": "NixOS",
        "repo": "nixpkgs",
        "rev": "5a97ede7d4c466e0a646ca2dc526487a22e62719",
        "type": "github"
      },
      "original": {
        "owner": "NixOS",
        "repo": "nixpkgs",
        "type": "github"
      }
    },
    "root": {
      "inputs": {
        "nixpkgs": "nixpkgs"
      }
    }
  },
  "root": "root",
  "version": 7
}
